// !$*UTF8*$!
{
	archiveVersion = 1;
	classes = {
	};
	objectVersion = 48;
	objects = {

/* Begin PBXBuildFile section */
		9344AFBDFEBCC41A5CDE3454 /* Pods_Smack.framework in Frameworks */ = {isa = PBXBuildFile; fileRef = A59D6AE59C0E25EBB8441C02 /* Pods_Smack.framework */; };
		FF1E7D461FCB5F1C00FF1D22 /* AuthService.swift in Sources */ = {isa = PBXBuildFile; fileRef = FF1E7D451FCB5F1C00FF1D22 /* AuthService.swift */; };
		FF5486A61FD41FD8001F3ECC /* RoundedButten.swift in Sources */ = {isa = PBXBuildFile; fileRef = FF5486A51FD41FD8001F3ECC /* RoundedButten.swift */; };
		FF5486A81FD5A5E4001F3ECC /* UserDataService.swift in Sources */ = {isa = PBXBuildFile; fileRef = FF5486A71FD5A5E4001F3ECC /* UserDataService.swift */; };
		FF5731071FD6ACF000196853 /* AvatarPickerVC.swift in Sources */ = {isa = PBXBuildFile; fileRef = FF5731061FD6ACF000196853 /* AvatarPickerVC.swift */; };
		FF5731091FD6B24D00196853 /* AvatarCell.swift in Sources */ = {isa = PBXBuildFile; fileRef = FF5731081FD6B24D00196853 /* AvatarCell.swift */; };
		FF57310B1FD7CBA400196853 /* CircleImage.swift in Sources */ = {isa = PBXBuildFile; fileRef = FF57310A1FD7CBA400196853 /* CircleImage.swift */; };
		FF8C5FA61FC4162C00DEC7E1 /* AppDelegate.swift in Sources */ = {isa = PBXBuildFile; fileRef = FF8C5FA51FC4162C00DEC7E1 /* AppDelegate.swift */; };
		FF8C5FAB1FC4162C00DEC7E1 /* Main.storyboard in Resources */ = {isa = PBXBuildFile; fileRef = FF8C5FA91FC4162C00DEC7E1 /* Main.storyboard */; };
		FF8C5FAD1FC4162C00DEC7E1 /* Assets.xcassets in Resources */ = {isa = PBXBuildFile; fileRef = FF8C5FAC1FC4162C00DEC7E1 /* Assets.xcassets */; };
		FF8C5FB01FC4162C00DEC7E1 /* LaunchScreen.storyboard in Resources */ = {isa = PBXBuildFile; fileRef = FF8C5FAE1FC4162C00DEC7E1 /* LaunchScreen.storyboard */; };
		FF8C5FBB1FC4184500DEC7E1 /* SWRevealViewController.m in Sources */ = {isa = PBXBuildFile; fileRef = FF8C5FBA1FC4184400DEC7E1 /* SWRevealViewController.m */; };
		FF8C5FC01FC419F500DEC7E1 /* ChatVC.swift in Sources */ = {isa = PBXBuildFile; fileRef = FF8C5FBF1FC419F500DEC7E1 /* ChatVC.swift */; };
		FF8C5FC21FC41A0900DEC7E1 /* ChannelVC.swift in Sources */ = {isa = PBXBuildFile; fileRef = FF8C5FC11FC41A0900DEC7E1 /* ChannelVC.swift */; };
		FF8C5FC41FC4274500DEC7E1 /* GradientView.swift in Sources */ = {isa = PBXBuildFile; fileRef = FF8C5FC31FC4274500DEC7E1 /* GradientView.swift */; };
		FF8C5FC71FC43B0200DEC7E1 /* Constants.swift in Sources */ = {isa = PBXBuildFile; fileRef = FF8C5FC61FC43B0200DEC7E1 /* Constants.swift */; };
		FF8C5FC91FC440C700DEC7E1 /* LoginVC.swift in Sources */ = {isa = PBXBuildFile; fileRef = FF8C5FC81FC440C700DEC7E1 /* LoginVC.swift */; };
		FF8C5FCB1FC442ED00DEC7E1 /* CreateAccountVC.swift in Sources */ = {isa = PBXBuildFile; fileRef = FF8C5FCA1FC442ED00DEC7E1 /* CreateAccountVC.swift */; };
/* End PBXBuildFile section */

/* Begin PBXFileReference section */
		6DE35EE66E3409A0E5557958 /* Pods-Smack.debug.xcconfig */ = {isa = PBXFileReference; includeInIndex = 1; lastKnownFileType = text.xcconfig; name = "Pods-Smack.debug.xcconfig"; path = "Pods/Target Support Files/Pods-Smack/Pods-Smack.debug.xcconfig"; sourceTree = "<group>"; };
		A59D6AE59C0E25EBB8441C02 /* Pods_Smack.framework */ = {isa = PBXFileReference; explicitFileType = wrapper.framework; includeInIndex = 0; path = Pods_Smack.framework; sourceTree = BUILT_PRODUCTS_DIR; };
		C8B035A94C49EF7F0C5ED98C /* Pods-Smack.release.xcconfig */ = {isa = PBXFileReference; includeInIndex = 1; lastKnownFileType = text.xcconfig; name = "Pods-Smack.release.xcconfig"; path = "Pods/Target Support Files/Pods-Smack/Pods-Smack.release.xcconfig"; sourceTree = "<group>"; };
		FF1E7D451FCB5F1C00FF1D22 /* AuthService.swift */ = {isa = PBXFileReference; lastKnownFileType = sourcecode.swift; path = AuthService.swift; sourceTree = "<group>"; };
		FF5486A51FD41FD8001F3ECC /* RoundedButten.swift */ = {isa = PBXFileReference; lastKnownFileType = sourcecode.swift; path = RoundedButten.swift; sourceTree = "<group>"; };
		FF5486A71FD5A5E4001F3ECC /* UserDataService.swift */ = {isa = PBXFileReference; lastKnownFileType = sourcecode.swift; path = UserDataService.swift; sourceTree = "<group>"; };
		FF5731061FD6ACF000196853 /* AvatarPickerVC.swift */ = {isa = PBXFileReference; lastKnownFileType = sourcecode.swift; path = AvatarPickerVC.swift; sourceTree = "<group>"; };
		FF5731081FD6B24D00196853 /* AvatarCell.swift */ = {isa = PBXFileReference; lastKnownFileType = sourcecode.swift; path = AvatarCell.swift; sourceTree = "<group>"; };
		FF57310A1FD7CBA400196853 /* CircleImage.swift */ = {isa = PBXFileReference; lastKnownFileType = sourcecode.swift; path = CircleImage.swift; sourceTree = "<group>"; };
		FF8C5FA21FC4162C00DEC7E1 /* Smack.app */ = {isa = PBXFileReference; explicitFileType = wrapper.application; includeInIndex = 0; path = Smack.app; sourceTree = BUILT_PRODUCTS_DIR; };
		FF8C5FA51FC4162C00DEC7E1 /* AppDelegate.swift */ = {isa = PBXFileReference; lastKnownFileType = sourcecode.swift; path = AppDelegate.swift; sourceTree = "<group>"; };
		FF8C5FAA1FC4162C00DEC7E1 /* Base */ = {isa = PBXFileReference; lastKnownFileType = file.storyboard; name = Base; path = Base.lproj/Main.storyboard; sourceTree = "<group>"; };
		FF8C5FAC1FC4162C00DEC7E1 /* Assets.xcassets */ = {isa = PBXFileReference; lastKnownFileType = folder.assetcatalog; path = Assets.xcassets; sourceTree = "<group>"; };
		FF8C5FAF1FC4162C00DEC7E1 /* Base */ = {isa = PBXFileReference; lastKnownFileType = file.storyboard; name = Base; path = Base.lproj/LaunchScreen.storyboard; sourceTree = "<group>"; };
		FF8C5FB11FC4162C00DEC7E1 /* Info.plist */ = {isa = PBXFileReference; lastKnownFileType = text.plist.xml; path = Info.plist; sourceTree = "<group>"; };
		FF8C5FB81FC4184300DEC7E1 /* Smack-Bridging-Header.h */ = {isa = PBXFileReference; lastKnownFileType = sourcecode.c.h; path = "Smack-Bridging-Header.h"; sourceTree = "<group>"; };
		FF8C5FB91FC4184400DEC7E1 /* SWRevealViewController.h */ = {isa = PBXFileReference; fileEncoding = 4; lastKnownFileType = sourcecode.c.h; path = SWRevealViewController.h; sourceTree = "<group>"; };
		FF8C5FBA1FC4184400DEC7E1 /* SWRevealViewController.m */ = {isa = PBXFileReference; fileEncoding = 4; lastKnownFileType = sourcecode.c.objc; path = SWRevealViewController.m; sourceTree = "<group>"; };
		FF8C5FBF1FC419F500DEC7E1 /* ChatVC.swift */ = {isa = PBXFileReference; lastKnownFileType = sourcecode.swift; path = ChatVC.swift; sourceTree = "<group>"; };
		FF8C5FC11FC41A0900DEC7E1 /* ChannelVC.swift */ = {isa = PBXFileReference; lastKnownFileType = sourcecode.swift; path = ChannelVC.swift; sourceTree = "<group>"; };
		FF8C5FC31FC4274500DEC7E1 /* GradientView.swift */ = {isa = PBXFileReference; lastKnownFileType = sourcecode.swift; path = GradientView.swift; sourceTree = "<group>"; };
		FF8C5FC61FC43B0200DEC7E1 /* Constants.swift */ = {isa = PBXFileReference; lastKnownFileType = sourcecode.swift; path = Constants.swift; sourceTree = "<group>"; };
		FF8C5FC81FC440C700DEC7E1 /* LoginVC.swift */ = {isa = PBXFileReference; lastKnownFileType = sourcecode.swift; path = LoginVC.swift; sourceTree = "<group>"; };
		FF8C5FCA1FC442ED00DEC7E1 /* CreateAccountVC.swift */ = {isa = PBXFileReference; lastKnownFileType = sourcecode.swift; lineEnding = 0; path = CreateAccountVC.swift; sourceTree = "<group>"; };
/* End PBXFileReference section */

/* Begin PBXFrameworksBuildPhase section */
		FF8C5F9F1FC4162C00DEC7E1 /* Frameworks */ = {
			isa = PBXFrameworksBuildPhase;
			buildActionMask = 2147483647;
			files = (
				9344AFBDFEBCC41A5CDE3454 /* Pods_Smack.framework in Frameworks */,
			);
			runOnlyForDeploymentPostprocessing = 0;
		};
/* End PBXFrameworksBuildPhase section */

/* Begin PBXGroup section */
		52B8ADFC75FFCF6A1244E7EC /* Frameworks */ = {
			isa = PBXGroup;
			children = (
				A59D6AE59C0E25EBB8441C02 /* Pods_Smack.framework */,
			);
			name = Frameworks;
			sourceTree = "<group>";
		};
		D46858CE31389EE2FAA8A0F1 /* Pods */ = {
			isa = PBXGroup;
			children = (
				6DE35EE66E3409A0E5557958 /* Pods-Smack.debug.xcconfig */,
				C8B035A94C49EF7F0C5ED98C /* Pods-Smack.release.xcconfig */,
			);
			name = Pods;
			sourceTree = "<group>";
		};
		FF1E7D441FCB5EF300FF1D22 /* Services */ = {
			isa = PBXGroup;
			children = (
				FF1E7D451FCB5F1C00FF1D22 /* AuthService.swift */,
				FF5486A71FD5A5E4001F3ECC /* UserDataService.swift */,
			);
			path = Services;
			sourceTree = "<group>";
		};
		FF8C5F991FC4162C00DEC7E1 = {
			isa = PBXGroup;
			children = (
				FF8C5FA41FC4162C00DEC7E1 /* Smack */,
				FF8C5FA31FC4162C00DEC7E1 /* Products */,
				D46858CE31389EE2FAA8A0F1 /* Pods */,
				52B8ADFC75FFCF6A1244E7EC /* Frameworks */,
			);
			sourceTree = "<group>";
		};
		FF8C5FA31FC4162C00DEC7E1 /* Products */ = {
			isa = PBXGroup;
			children = (
				FF8C5FA21FC4162C00DEC7E1 /* Smack.app */,
			);
			name = Products;
			sourceTree = "<group>";
		};
		FF8C5FA41FC4162C00DEC7E1 /* Smack */ = {
			isa = PBXGroup;
			children = (
				FF1E7D441FCB5EF300FF1D22 /* Services */,
				FF8C5FC51FC43AE000DEC7E1 /* Utilities */,
				FF8C5FBE1FC419DC00DEC7E1 /* Model */,
				FF8C5FBD1FC419D300DEC7E1 /* View */,
				FF8C5FBC1FC419C200DEC7E1 /* Controller */,
				FF8C5FB71FC417FB00DEC7E1 /* Supporting Files */,
				FF8C5FA51FC4162C00DEC7E1 /* AppDelegate.swift */,
				FF8C5FA91FC4162C00DEC7E1 /* Main.storyboard */,
				FF8C5FAC1FC4162C00DEC7E1 /* Assets.xcassets */,
				FF8C5FAE1FC4162C00DEC7E1 /* LaunchScreen.storyboard */,
				FF8C5FB11FC4162C00DEC7E1 /* Info.plist */,
			);
			path = Smack;
			sourceTree = "<group>";
		};
		FF8C5FB71FC417FB00DEC7E1 /* Supporting Files */ = {
			isa = PBXGroup;
			children = (
				FF8C5FB91FC4184400DEC7E1 /* SWRevealViewController.h */,
				FF8C5FBA1FC4184400DEC7E1 /* SWRevealViewController.m */,
				FF8C5FB81FC4184300DEC7E1 /* Smack-Bridging-Header.h */,
			);
			path = "Supporting Files";
			sourceTree = "<group>";
		};
		FF8C5FBC1FC419C200DEC7E1 /* Controller */ = {
			isa = PBXGroup;
			children = (
				FF8C5FBF1FC419F500DEC7E1 /* ChatVC.swift */,
				FF8C5FC11FC41A0900DEC7E1 /* ChannelVC.swift */,
				FF8C5FC81FC440C700DEC7E1 /* LoginVC.swift */,
				FF8C5FCA1FC442ED00DEC7E1 /* CreateAccountVC.swift */,
				FF5731061FD6ACF000196853 /* AvatarPickerVC.swift */,
			);
			path = Controller;
			sourceTree = "<group>";
		};
		FF8C5FBD1FC419D300DEC7E1 /* View */ = {
			isa = PBXGroup;
			children = (
				FF8C5FC31FC4274500DEC7E1 /* GradientView.swift */,
				FF5486A51FD41FD8001F3ECC /* RoundedButten.swift */,
				FF5731081FD6B24D00196853 /* AvatarCell.swift */,
				FF57310A1FD7CBA400196853 /* CircleImage.swift */,
			);
			path = View;
			sourceTree = "<group>";
		};
		FF8C5FBE1FC419DC00DEC7E1 /* Model */ = {
			isa = PBXGroup;
			children = (
			);
			path = Model;
			sourceTree = "<group>";
		};
		FF8C5FC51FC43AE000DEC7E1 /* Utilities */ = {
			isa = PBXGroup;
			children = (
				FF8C5FC61FC43B0200DEC7E1 /* Constants.swift */,
			);
			path = Utilities;
			sourceTree = "<group>";
		};
/* End PBXGroup section */

/* Begin PBXNativeTarget section */
		FF8C5FA11FC4162C00DEC7E1 /* Smack */ = {
			isa = PBXNativeTarget;
			buildConfigurationList = FF8C5FB41FC4162C00DEC7E1 /* Build configuration list for PBXNativeTarget "Smack" */;
			buildPhases = (
				61B0EBA74EB44BDB8E55CE5E /* [CP] Check Pods Manifest.lock */,
				FF8C5F9E1FC4162C00DEC7E1 /* Sources */,
				FF8C5F9F1FC4162C00DEC7E1 /* Frameworks */,
				FF8C5FA01FC4162C00DEC7E1 /* Resources */,
				F408034D79FE48969646A086 /* [CP] Embed Pods Frameworks */,
				26CFEC523AEE54DCE6181B68 /* [CP] Copy Pods Resources */,
			);
			buildRules = (
			);
			dependencies = (
			);
			name = Smack;
			productName = Smack;
			productReference = FF8C5FA21FC4162C00DEC7E1 /* Smack.app */;
			productType = "com.apple.product-type.application";
		};
/* End PBXNativeTarget section */

/* Begin PBXProject section */
		FF8C5F9A1FC4162C00DEC7E1 /* Project object */ = {
			isa = PBXProject;
			attributes = {
				LastSwiftUpdateCheck = 0910;
				LastUpgradeCheck = 0910;
				ORGANIZATIONNAME = TheNextG;
				TargetAttributes = {
					FF8C5FA11FC4162C00DEC7E1 = {
						CreatedOnToolsVersion = 9.1;
						LastSwiftMigration = 0910;
						ProvisioningStyle = Automatic;
					};
				};
			};
			buildConfigurationList = FF8C5F9D1FC4162C00DEC7E1 /* Build configuration list for PBXProject "Smack" */;
			compatibilityVersion = "Xcode 8.0";
			developmentRegion = en;
			hasScannedForEncodings = 0;
			knownRegions = (
				en,
				Base,
			);
			mainGroup = FF8C5F991FC4162C00DEC7E1;
			productRefGroup = FF8C5FA31FC4162C00DEC7E1 /* Products */;
			projectDirPath = "";
			projectRoot = "";
			targets = (
				FF8C5FA11FC4162C00DEC7E1 /* Smack */,
			);
		};
/* End PBXProject section */

/* Begin PBXResourcesBuildPhase section */
		FF8C5FA01FC4162C00DEC7E1 /* Resources */ = {
			isa = PBXResourcesBuildPhase;
			buildActionMask = 2147483647;
			files = (
				FF8C5FB01FC4162C00DEC7E1 /* LaunchScreen.storyboard in Resources */,
				FF8C5FAD1FC4162C00DEC7E1 /* Assets.xcassets in Resources */,
				FF8C5FAB1FC4162C00DEC7E1 /* Main.storyboard in Resources */,
			);
			runOnlyForDeploymentPostprocessing = 0;
		};
/* End PBXResourcesBuildPhase section */

/* Begin PBXShellScriptBuildPhase section */
		26CFEC523AEE54DCE6181B68 /* [CP] Copy Pods Resources */ = {
			isa = PBXShellScriptBuildPhase;
			buildActionMask = 2147483647;
			files = (
			);
			inputPaths = (
			);
			name = "[CP] Copy Pods Resources";
			outputPaths = (
			);
			runOnlyForDeploymentPostprocessing = 0;
			shellPath = /bin/sh;
			shellScript = "\"${SRCROOT}/Pods/Target Support Files/Pods-Smack/Pods-Smack-resources.sh\"\n";
			showEnvVarsInLog = 0;
		};
		61B0EBA74EB44BDB8E55CE5E /* [CP] Check Pods Manifest.lock */ = {
			isa = PBXShellScriptBuildPhase;
			buildActionMask = 2147483647;
			files = (
			);
			inputPaths = (
			);
			name = "[CP] Check Pods Manifest.lock";
			outputPaths = (
			);
			runOnlyForDeploymentPostprocessing = 0;
			shellPath = /bin/sh;
			shellScript = "diff \"${PODS_ROOT}/../Podfile.lock\" \"${PODS_ROOT}/Manifest.lock\" > /dev/null\nif [ $? != 0 ] ; then\n    # print error to STDERR\n    echo \"error: The sandbox is not in sync with the Podfile.lock. Run 'pod install' or update your CocoaPods installation.\" >&2\n    exit 1\nfi\n";
			showEnvVarsInLog = 0;
		};
		F408034D79FE48969646A086 /* [CP] Embed Pods Frameworks */ = {
			isa = PBXShellScriptBuildPhase;
			buildActionMask = 2147483647;
			files = (
			);
			inputPaths = (
			);
			name = "[CP] Embed Pods Frameworks";
			outputPaths = (
			);
			runOnlyForDeploymentPostprocessing = 0;
			shellPath = /bin/sh;
			shellScript = "\"${SRCROOT}/Pods/Target Support Files/Pods-Smack/Pods-Smack-frameworks.sh\"\n";
			showEnvVarsInLog = 0;
		};
/* End PBXShellScriptBuildPhase section */

/* Begin PBXSourcesBuildPhase section */
		FF8C5F9E1FC4162C00DEC7E1 /* Sources */ = {
			isa = PBXSourcesBuildPhase;
			buildActionMask = 2147483647;
			files = (
				FF8C5FC21FC41A0900DEC7E1 /* ChannelVC.swift in Sources */,
				FF5731071FD6ACF000196853 /* AvatarPickerVC.swift in Sources */,
				FF5486A61FD41FD8001F3ECC /* RoundedButten.swift in Sources */,
				FF57310B1FD7CBA400196853 /* CircleImage.swift in Sources */,
				FF8C5FC01FC419F500DEC7E1 /* ChatVC.swift in Sources */,
				FF5486A81FD5A5E4001F3ECC /* UserDataService.swift in Sources */,
				FF8C5FCB1FC442ED00DEC7E1 /* CreateAccountVC.swift in Sources */,
				FF1E7D461FCB5F1C00FF1D22 /* AuthService.swift in Sources */,
				FF8C5FC91FC440C700DEC7E1 /* LoginVC.swift in Sources */,
				FF8C5FC41FC4274500DEC7E1 /* GradientView.swift in Sources */,
				FF5731091FD6B24D00196853 /* AvatarCell.swift in Sources */,
				FF8C5FA61FC4162C00DEC7E1 /* AppDelegate.swift in Sources */,
				FF8C5FBB1FC4184500DEC7E1 /* SWRevealViewController.m in Sources */,
				FF8C5FC71FC43B0200DEC7E1 /* Constants.swift in Sources */,
			);
			runOnlyForDeploymentPostprocessing = 0;
		};
/* End PBXSourcesBuildPhase section */

/* Begin PBXVariantGroup section */
		FF8C5FA91FC4162C00DEC7E1 /* Main.storyboard */ = {
			isa = PBXVariantGroup;
			children = (
				FF8C5FAA1FC4162C00DEC7E1 /* Base */,
			);
			name = Main.storyboard;
			sourceTree = "<group>";
		};
		FF8C5FAE1FC4162C00DEC7E1 /* LaunchScreen.storyboard */ = {
			isa = PBXVariantGroup;
			children = (
				FF8C5FAF1FC4162C00DEC7E1 /* Base */,
			);
			name = LaunchScreen.storyboard;
			sourceTree = "<group>";
		};
/* End PBXVariantGroup section */

/* Begin XCBuildConfiguration section */
		FF8C5FB21FC4162C00DEC7E1 /* Debug */ = {
			isa = XCBuildConfiguration;
			buildSettings = {
				ALWAYS_SEARCH_USER_PATHS = NO;
				CLANG_ANALYZER_NONNULL = YES;
				CLANG_ANALYZER_NUMBER_OBJECT_CONVERSION = YES_AGGRESSIVE;
				CLANG_CXX_LANGUAGE_STANDARD = "gnu++14";
				CLANG_CXX_LIBRARY = "libc++";
				CLANG_ENABLE_MODULES = YES;
				CLANG_ENABLE_OBJC_ARC = YES;
				CLANG_WARN_BLOCK_CAPTURE_AUTORELEASING = YES;
				CLANG_WARN_BOOL_CONVERSION = YES;
				CLANG_WARN_COMMA = YES;
				CLANG_WARN_CONSTANT_CONVERSION = YES;
				CLANG_WARN_DIRECT_OBJC_ISA_USAGE = YES_ERROR;
				CLANG_WARN_DOCUMENTATION_COMMENTS = YES;
				CLANG_WARN_EMPTY_BODY = YES;
				CLANG_WARN_ENUM_CONVERSION = YES;
				CLANG_WARN_INFINITE_RECURSION = YES;
				CLANG_WARN_INT_CONVERSION = YES;
				CLANG_WARN_NON_LITERAL_NULL_CONVERSION = YES;
				CLANG_WARN_OBJC_LITERAL_CONVERSION = YES;
				CLANG_WARN_OBJC_ROOT_CLASS = YES_ERROR;
				CLANG_WARN_RANGE_LOOP_ANALYSIS = YES;
				CLANG_WARN_STRICT_PROTOTYPES = YES;
				CLANG_WARN_SUSPICIOUS_MOVE = YES;
				CLANG_WARN_UNGUARDED_AVAILABILITY = YES_AGGRESSIVE;
				CLANG_WARN_UNREACHABLE_CODE = YES;
				CLANG_WARN__DUPLICATE_METHOD_MATCH = YES;
				CODE_SIGN_IDENTITY = "iPhone Developer";
				COPY_PHASE_STRIP = NO;
				DEBUG_INFORMATION_FORMAT = dwarf;
				ENABLE_STRICT_OBJC_MSGSEND = YES;
				ENABLE_TESTABILITY = YES;
				GCC_C_LANGUAGE_STANDARD = gnu11;
				GCC_DYNAMIC_NO_PIC = NO;
				GCC_NO_COMMON_BLOCKS = YES;
				GCC_OPTIMIZATION_LEVEL = 0;
				GCC_PREPROCESSOR_DEFINITIONS = (
					"DEBUG=1",
					"$(inherited)",
				);
				GCC_WARN_64_TO_32_BIT_CONVERSION = YES;
				GCC_WARN_ABOUT_RETURN_TYPE = YES_ERROR;
				GCC_WARN_UNDECLARED_SELECTOR = YES;
				GCC_WARN_UNINITIALIZED_AUTOS = YES_AGGRESSIVE;
				GCC_WARN_UNUSED_FUNCTION = YES;
				GCC_WARN_UNUSED_VARIABLE = YES;
				IPHONEOS_DEPLOYMENT_TARGET = 11.1;
				MTL_ENABLE_DEBUG_INFO = YES;
				ONLY_ACTIVE_ARCH = YES;
				SDKROOT = iphoneos;
				SWIFT_ACTIVE_COMPILATION_CONDITIONS = DEBUG;
				SWIFT_OPTIMIZATION_LEVEL = "-Onone";
			};
			name = Debug;
		};
		FF8C5FB31FC4162C00DEC7E1 /* Release */ = {
			isa = XCBuildConfiguration;
			buildSettings = {
				ALWAYS_SEARCH_USER_PATHS = NO;
				CLANG_ANALYZER_NONNULL = YES;
				CLANG_ANALYZER_NUMBER_OBJECT_CONVERSION = YES_AGGRESSIVE;
				CLANG_CXX_LANGUAGE_STANDARD = "gnu++14";
				CLANG_CXX_LIBRARY = "libc++";
				CLANG_ENABLE_MODULES = YES;
				CLANG_ENABLE_OBJC_ARC = YES;
				CLANG_WARN_BLOCK_CAPTURE_AUTORELEASING = YES;
				CLANG_WARN_BOOL_CONVERSION = YES;
				CLANG_WARN_COMMA = YES;
				CLANG_WARN_CONSTANT_CONVERSION = YES;
				CLANG_WARN_DIRECT_OBJC_ISA_USAGE = YES_ERROR;
				CLANG_WARN_DOCUMENTATION_COMMENTS = YES;
				CLANG_WARN_EMPTY_BODY = YES;
				CLANG_WARN_ENUM_CONVERSION = YES;
				CLANG_WARN_INFINITE_RECURSION = YES;
				CLANG_WARN_INT_CONVERSION = YES;
				CLANG_WARN_NON_LITERAL_NULL_CONVERSION = YES;
				CLANG_WARN_OBJC_LITERAL_CONVERSION = YES;
				CLANG_WARN_OBJC_ROOT_CLASS = YES_ERROR;
				CLANG_WARN_RANGE_LOOP_ANALYSIS = YES;
				CLANG_WARN_STRICT_PROTOTYPES = YES;
				CLANG_WARN_SUSPICIOUS_MOVE = YES;
				CLANG_WARN_UNGUARDED_AVAILABILITY = YES_AGGRESSIVE;
				CLANG_WARN_UNREACHABLE_CODE = YES;
				CLANG_WARN__DUPLICATE_METHOD_MATCH = YES;
				CODE_SIGN_IDENTITY = "iPhone Developer";
				COPY_PHASE_STRIP = NO;
				DEBUG_INFORMATION_FORMAT = "dwarf-with-dsym";
				ENABLE_NS_ASSERTIONS = NO;
				ENABLE_STRICT_OBJC_MSGSEND = YES;
				GCC_C_LANGUAGE_STANDARD = gnu11;
				GCC_NO_COMMON_BLOCKS = YES;
				GCC_WARN_64_TO_32_BIT_CONVERSION = YES;
				GCC_WARN_ABOUT_RETURN_TYPE = YES_ERROR;
				GCC_WARN_UNDECLARED_SELECTOR = YES;
				GCC_WARN_UNINITIALIZED_AUTOS = YES_AGGRESSIVE;
				GCC_WARN_UNUSED_FUNCTION = YES;
				GCC_WARN_UNUSED_VARIABLE = YES;
				IPHONEOS_DEPLOYMENT_TARGET = 11.1;
				MTL_ENABLE_DEBUG_INFO = NO;
				SDKROOT = iphoneos;
				SWIFT_OPTIMIZATION_LEVEL = "-Owholemodule";
				VALIDATE_PRODUCT = YES;
			};
			name = Release;
		};
		FF8C5FB51FC4162C00DEC7E1 /* Debug */ = {
			isa = XCBuildConfiguration;
			baseConfigurationReference = 6DE35EE66E3409A0E5557958 /* Pods-Smack.debug.xcconfig */;
			buildSettings = {
				ASSETCATALOG_COMPILER_APPICON_NAME = AppIcon;
				CLANG_ENABLE_MODULES = YES;
				CODE_SIGN_STYLE = Automatic;
				DEVELOPMENT_TEAM = UM6QP863P6;
				INFOPLIST_FILE = Smack/Info.plist;
				LD_RUNPATH_SEARCH_PATHS = "$(inherited) @executable_path/Frameworks";
				PRODUCT_BUNDLE_IDENTIFIER = com.thenextg.Smack;
				PRODUCT_NAME = "$(TARGET_NAME)";
				SWIFT_OBJC_BRIDGING_HEADER = "Smack/Supporting Files/Smack-Bridging-Header.h";
				SWIFT_OPTIMIZATION_LEVEL = "-Onone";
				SWIFT_VERSION = 4.0;
				TARGETED_DEVICE_FAMILY = "1,2";
			};
			name = Debug;
		};
		FF8C5FB61FC4162C00DEC7E1 /* Release */ = {
			isa = XCBuildConfiguration;
			baseConfigurationReference = C8B035A94C49EF7F0C5ED98C /* Pods-Smack.release.xcconfig */;
			buildSettings = {
				ASSETCATALOG_COMPILER_APPICON_NAME = AppIcon;
				CLANG_ENABLE_MODULES = YES;
				CODE_SIGN_STYLE = Automatic;
				DEVELOPMENT_TEAM = UM6QP863P6;
				INFOPLIST_FILE = Smack/Info.plist;
				LD_RUNPATH_SEARCH_PATHS = "$(inherited) @executable_path/Frameworks";
				PRODUCT_BUNDLE_IDENTIFIER = com.thenextg.Smack;
				PRODUCT_NAME = "$(TARGET_NAME)";
				SWIFT_OBJC_BRIDGING_HEADER = "Smack/Supporting Files/Smack-Bridging-Header.h";
				SWIFT_VERSION = 4.0;
				TARGETED_DEVICE_FAMILY = "1,2";
			};
			name = Release;
		};
/* End XCBuildConfiguration section */

/* Begin XCConfigurationList section */
		FF8C5F9D1FC4162C00DEC7E1 /* Build configuration list for PBXProject "Smack" */ = {
			isa = XCConfigurationList;
			buildConfigurations = (
				FF8C5FB21FC4162C00DEC7E1 /* Debug */,
				FF8C5FB31FC4162C00DEC7E1 /* Release */,
			);
			defaultConfigurationIsVisible = 0;
			defaultConfigurationName = Release;
		};
		FF8C5FB41FC4162C00DEC7E1 /* Build configuration list for PBXNativeTarget "Smack" */ = {
			isa = XCConfigurationList;
			buildConfigurations = (
				FF8C5FB51FC4162C00DEC7E1 /* Debug */,
				FF8C5FB61FC4162C00DEC7E1 /* Release */,
			);
			defaultConfigurationIsVisible = 0;
			defaultConfigurationName = Release;
		};
/* End XCConfigurationList section */
	};
	rootObject = FF8C5F9A1FC4162C00DEC7E1 /* Project object */;
}
